
Microsoft Visual Studio Solution File, Format Version 12.00
# Visual Studio Version 17
VisualStudioVersion = 17.9.34622.214
MinimumVisualStudioVersion = 10.0.40219.1
Project("{FAE04EC0-301F-11D3-BF4B-00C04F79EFBC}") = "WebApplication1", "WebApplication1\WebApplication1.csproj", "{34315E35-67BC-4350-B195-28AF76D334BE}"
EndProject
Global
	GlobalSection(SolutionConfigurationPlatforms) = preSolution
		Debug|Any CPU = Debug|Any CPU
		Release|Any CPU = Release|Any CPU
	EndGlobalSection
	GlobalSection(ProjectConfigurationPlatforms) = postSolution
		{34315E35-67BC-4350-B195-28AF76D334BE}.Debug|Any CPU.ActiveCfg = Debug|Any CPU
		{34315E35-67BC-4350-B195-28AF76D334BE}.Debug|Any CPU.Build.0 = Debug|Any CPU
		{34315E35-67BC-4350-B195-28AF76D334BE}.Release|Any CPU.ActiveCfg = Release|Any CPU
		{34315E35-67BC-4350-B195-28AF76D334BE}.Release|Any CPU.Build.0 = Release|Any CPU
	EndGlobalSection
	GlobalSection(SolutionProperties) = preSolution
		HideSolutionNode = FALSE
	EndGlobalSection
	GlobalSection(ExtensibilityGlobals) = postSolution
		SolutionGuid = {83ED2D93-E8D7-4BEF-8C5A-1E8AD49E64D4}
	EndGlobalSection
EndGlobal
